{
  "nodes": {
    "flakeNimbleLib": {
      "inputs": {
        "nixpkgs": [
          "nixpkgs"
        ]
      },
      "locked": {
        "lastModified": 1662018438,
        "narHash": "sha256-QtNtU6+LX3Wokxf0zlFwKTFOcn6TeDjKQZ+DA9OYtvM=",
        "owner": "riinr",
        "repo": "nim-flakes-lib",
        "rev": "b1fe8340736e3a85d25c709ac3dfd82a55c03cbf",
        "type": "github"
      },
      "original": {
        "owner": "riinr",
        "ref": "master",
        "repo": "nim-flakes-lib",
        "type": "github"
      }
    },
    "nim_cexc-master": {
      "inputs": {
        "flakeNimbleLib": [
          "flakeNimbleLib"
        ],
        "nixpkgs": [
          "nixpkgs"
        ],
        "src-nim_cexc-master": "src-nim_cexc-master"
      },
      "locked": {
        "dir": "master",
        "lastModified": 1667322466,
        "narHash": "sha256-dWTeHu9+iYTVCxehGTml4qPxutnpXEn5rVE4lcRZzus=",
        "owner": "nim-nix-pkgs",
        "repo": "nim_cexc",
        "rev": "40c324708eb5493c2aae6e24ba007d8d096371c2",
        "type": "github"
      },
      "original": {
        "dir": "master",
        "owner": "nim-nix-pkgs",
        "ref": "master",
        "repo": "nim_cexc",
        "type": "github"
      }
    },
    "nixpkgs": {
      "locked": {
        "lastModified": 1667199707,
        "narHash": "sha256-I2Js3Y7gUyVSEXPULHlBoRek4Lh85vnevdS6mdvDNLI=",
        "owner": "NixOS",
        "repo": "nixpkgs",
        "rev": "ced197be72099edcfa68ebed8b87af7b04851f45",
        "type": "github"
      },
      "original": {
        "id": "nixpkgs",
        "type": "indirect"
      }
    },
    "root": {
      "inputs": {
        "flakeNimbleLib": "flakeNimbleLib",
        "nim_cexc-master": "nim_cexc-master",
        "nixpkgs": "nixpkgs"
      }
    },
    "src-nim_cexc-master": {
      "flake": false,
      "locked": {
        "lastModified": 1531335390,
        "narHash": "sha256-wnbw4aOb3BugwLZUZorW1P8wVIMBoGgA5amJWzpVYUY=",
        "owner": "metasyn",
        "repo": "nim-cexc-splunk",
        "rev": "550cc9416f653575fdf563b074e95964381cd15d",
        "type": "github"
      },
      "original": {
        "owner": "metasyn",
        "ref": "refs/heads/master",
        "repo": "nim-cexc-splunk",
        "type": "github"
      }
    }
  },
  "root": "root",
  "version": 7
}
